
Microsoft Visual Studio Solution File, Format Version 12.00
# Visual Studio Version 16
VisualStudioVersion = 16.0.29306.81
MinimumVisualStudioVersion = 10.0.40219.1
Project("{FAE04EC0-301F-11D3-BF4B-00C04F79EFBC}") = "LinqBasics", "LinqBasics\LinqBasics.csproj", "{45D0DDE9-2B5F-457A-B523-DFF60ABC749F}"
EndProject
Global
	GlobalSection(SolutionConfigurationPlatforms) = preSolution
		Debug|Any CPU = Debug|Any CPU
		Release|Any CPU = Release|Any CPU
	EndGlobalSection
	GlobalSection(ProjectConfigurationPlatforms) = postSolution
		{45D0DDE9-2B5F-457A-B523-DFF60ABC749F}.Debug|Any CPU.ActiveCfg = Debug|Any CPU
		{45D0DDE9-2B5F-457A-B523-DFF60ABC749F}.Debug|Any CPU.Build.0 = Debug|Any CPU
		{45D0DDE9-2B5F-457A-B523-DFF60ABC749F}.Release|Any CPU.ActiveCfg = Release|Any CPU
		{45D0DDE9-2B5F-457A-B523-DFF60ABC749F}.Release|Any CPU.Build.0 = Release|Any CPU
	EndGlobalSection
	GlobalSection(SolutionProperties) = preSolution
		HideSolutionNode = FALSE
	EndGlobalSection
	GlobalSection(ExtensibilityGlobals) = postSolution
		SolutionGuid = {AB57C85B-D175-4C12-9AFB-01B20F8D297F}
	EndGlobalSection
EndGlobal
